
Microsoft Visual Studio Solution File, Format Version 12.00
# Visual Studio Version 16
VisualStudioVersion = 16.0.31005.135
MinimumVisualStudioVersion = 10.0.40219.1
Project("{2150E333-8FDC-42A3-9474-1A3956D46DE8}") = "Application", "Application", "{D689E8B6-6A9F-4D62-8212-311EB28DE582}"
EndProject
Project("{2150E333-8FDC-42A3-9474-1A3956D46DE8}") = "Domain", "Domain", "{7473C8A1-3233-4D8B-BED7-F22ADB30E1D7}"
EndProject
Project("{2150E333-8FDC-42A3-9474-1A3956D46DE8}") = "Infra.IoC", "Infra.IoC", "{0E1D760B-9B75-4360-8814-B126B4268360}"
EndProject
Project("{2150E333-8FDC-42A3-9474-1A3956D46DE8}") = "Infra.Data", "Infra.Data", "{71E867AD-B1C7-47DF-85AD-8E7945D086EF}"
EndProject
Project("{2150E333-8FDC-42A3-9474-1A3956D46DE8}") = "Presentation", "Presentation", "{EB661E6F-A460-434D-B868-958C19A5D83B}"
EndProject
Project("{9A19103F-16F7-4668-BE54-9A1E7A4F7556}") = "CleanArch.Mvc", "CleanArch.Mvc\CleanArch.Mvc.csproj", "{8DA8F27B-4F22-4973-A404-7C559E45D994}"
EndProject
Project("{9A19103F-16F7-4668-BE54-9A1E7A4F7556}") = "CleanArch.Domain", "CleanArch.Domain\CleanArch.Domain.csproj", "{0E21D5E9-FE69-41AC-BE09-2A305FA3CB5B}"
EndProject
Project("{9A19103F-16F7-4668-BE54-9A1E7A4F7556}") = "CleanArch.Infra.Data", "CleanArch.Infra.Data\CleanArch.Infra.Data.csproj", "{DA4ECBAE-079C-4FCD-AA7A-B2789356FFB4}"
EndProject
Project("{9A19103F-16F7-4668-BE54-9A1E7A4F7556}") = "CleanArch.Application", "CleanArch.Application\CleanArch.Application.csproj", "{4852220E-E1A9-4170-B9EA-7832170E5C04}"
EndProject
Project("{9A19103F-16F7-4668-BE54-9A1E7A4F7556}") = "Clean.Arch.Infra.IoC", "Clean.Arch.Infra.IoC\Clean.Arch.Infra.IoC.csproj", "{E7CF4D29-B4A4-4AE5-8B33-97369B205C22}"
EndProject
Project("{2150E333-8FDC-42A3-9474-1A3956D46DE8}") = "Infra.Bus", "Infra.Bus", "{D9AD14F8-43AF-4D63-BB67-F90A2B80DADF}"
EndProject
Project("{2150E333-8FDC-42A3-9474-1A3956D46DE8}") = "Api", "Api", "{F720FFAA-7036-4612-910E-3DA0247A2708}"
EndProject
Project("{FAE04EC0-301F-11D3-BF4B-00C04F79EFBC}") = "CleanArch.Infra.Bus", "CleanArch.Infra.Bus\CleanArch.Infra.Bus.csproj", "{43ED6881-1717-4ABC-8FA3-8D99561EFC88}"
EndProject
Global
	GlobalSection(SolutionConfigurationPlatforms) = preSolution
		Debug|Any CPU = Debug|Any CPU
		Release|Any CPU = Release|Any CPU
	EndGlobalSection
	GlobalSection(ProjectConfigurationPlatforms) = postSolution
		{8DA8F27B-4F22-4973-A404-7C559E45D994}.Debug|Any CPU.ActiveCfg = Debug|Any CPU
		{8DA8F27B-4F22-4973-A404-7C559E45D994}.Debug|Any CPU.Build.0 = Debug|Any CPU
		{8DA8F27B-4F22-4973-A404-7C559E45D994}.Release|Any CPU.ActiveCfg = Release|Any CPU
		{8DA8F27B-4F22-4973-A404-7C559E45D994}.Release|Any CPU.Build.0 = Release|Any CPU
		{0E21D5E9-FE69-41AC-BE09-2A305FA3CB5B}.Debug|Any CPU.ActiveCfg = Debug|Any CPU
		{0E21D5E9-FE69-41AC-BE09-2A305FA3CB5B}.Debug|Any CPU.Build.0 = Debug|Any CPU
		{0E21D5E9-FE69-41AC-BE09-2A305FA3CB5B}.Release|Any CPU.ActiveCfg = Release|Any CPU
		{0E21D5E9-FE69-41AC-BE09-2A305FA3CB5B}.Release|Any CPU.Build.0 = Release|Any CPU
		{DA4ECBAE-079C-4FCD-AA7A-B2789356FFB4}.Debug|Any CPU.ActiveCfg = Debug|Any CPU
		{DA4ECBAE-079C-4FCD-AA7A-B2789356FFB4}.Debug|Any CPU.Build.0 = Debug|Any CPU
		{DA4ECBAE-079C-4FCD-AA7A-B2789356FFB4}.Release|Any CPU.ActiveCfg = Release|Any CPU
		{DA4ECBAE-079C-4FCD-AA7A-B2789356FFB4}.Release|Any CPU.Build.0 = Release|Any CPU
		{4852220E-E1A9-4170-B9EA-7832170E5C04}.Debug|Any CPU.ActiveCfg = Debug|Any CPU
		{4852220E-E1A9-4170-B9EA-7832170E5C04}.Debug|Any CPU.Build.0 = Debug|Any CPU
		{4852220E-E1A9-4170-B9EA-7832170E5C04}.Release|Any CPU.ActiveCfg = Release|Any CPU
		{4852220E-E1A9-4170-B9EA-7832170E5C04}.Release|Any CPU.Build.0 = Release|Any CPU
		{E7CF4D29-B4A4-4AE5-8B33-97369B205C22}.Debug|Any CPU.ActiveCfg = Debug|Any CPU
		{E7CF4D29-B4A4-4AE5-8B33-97369B205C22}.Debug|Any CPU.Build.0 = Debug|Any CPU
		{E7CF4D29-B4A4-4AE5-8B33-97369B205C22}.Release|Any CPU.ActiveCfg = Release|Any CPU
		{E7CF4D29-B4A4-4AE5-8B33-97369B205C22}.Release|Any CPU.Build.0 = Release|Any CPU
		{43ED6881-1717-4ABC-8FA3-8D99561EFC88}.Debug|Any CPU.ActiveCfg = Debug|Any CPU
		{43ED6881-1717-4ABC-8FA3-8D99561EFC88}.Debug|Any CPU.Build.0 = Debug|Any CPU
		{43ED6881-1717-4ABC-8FA3-8D99561EFC88}.Release|Any CPU.ActiveCfg = Release|Any CPU
		{43ED6881-1717-4ABC-8FA3-8D99561EFC88}.Release|Any CPU.Build.0 = Release|Any CPU
	EndGlobalSection
	GlobalSection(SolutionProperties) = preSolution
		HideSolutionNode = FALSE
	EndGlobalSection
	GlobalSection(NestedProjects) = preSolution
		{8DA8F27B-4F22-4973-A404-7C559E45D994} = {EB661E6F-A460-434D-B868-958C19A5D83B}
		{0E21D5E9-FE69-41AC-BE09-2A305FA3CB5B} = {7473C8A1-3233-4D8B-BED7-F22ADB30E1D7}
		{DA4ECBAE-079C-4FCD-AA7A-B2789356FFB4} = {71E867AD-B1C7-47DF-85AD-8E7945D086EF}
		{4852220E-E1A9-4170-B9EA-7832170E5C04} = {D689E8B6-6A9F-4D62-8212-311EB28DE582}
		{E7CF4D29-B4A4-4AE5-8B33-97369B205C22} = {0E1D760B-9B75-4360-8814-B126B4268360}
		{43ED6881-1717-4ABC-8FA3-8D99561EFC88} = {D9AD14F8-43AF-4D63-BB67-F90A2B80DADF}
	EndGlobalSection
	GlobalSection(ExtensibilityGlobals) = postSolution
		SolutionGuid = {AC087DF2-EADB-4856-AFAD-F31BD161F103}
	EndGlobalSection
EndGlobal
